dependencies:
  espressif/esp-zboss-lib:
    component_hash: 21adf29145975d0f7af5bd7361af993d8ddaa88aaaf22461a3014dbfc2c11521
    source:
      service_url: https://api.components.espressif.com/
      type: service
    version: 1.3.1
  espressif/esp-zigbee-lib:
    component_hash: 6d458805678838acef528b0443d04684cfe28ef0739c9d632ccfe7b228392295
    source:
      service_url: https://api.components.espressif.com/
      type: service
    version: 1.3.1
  espressif/zlib:
    component_hash: d02694c45427179ad06fde9c5e2bd3661f5f2c0bae34ac9dbbe8a481365ed8f3
    source:
      service_url: https://api.components.espressif.com/
      type: service
    version: 1.2.13~1
  idf:
    component_hash: null
    source:
      type: idf
    version: 5.2.1
manifest_hash: 17826545c10901c1ed0056f391ef4575223f17c232eccace2487c012b61d68dd
target: esp32c6
version: 1.0.0
